{
  "originHash" : "471cf851f8d451e914c919a7f2fd4d8044beb2e0acfdcb531472b7aff57372c9",
  "pins" : [
    {
      "identity" : "grdb.swift",
      "kind" : "remoteSourceControl",
      "location" : "https://github.com/duckduckgo/GRDB.swift.git",
      "state" : {
        "revision" : "80cae244b20530bc3a4aae93ed2f211167ac08c0",
        "version" : "2.4.2-1"
      }
    },
    {
      "identity" : "swift-protobuf",
      "kind" : "remoteSourceControl",
      "location" : "https://github.com/apple/swift-protobuf.git",
      "state" : {
        "revision" : "55d7a1cc5666b85c13464aea1c4b4a90feccb4c8",
        "version" : "1.38.1"
      }
    }
  ],
  "version" : 3
}
